{
  "name": "modulefedlatest",
  "version": "1.0.0",
  "lockfileVersion": 3,
  "requires": true,
  "packages": {
    "": {
      "name": "modulefedlatest",
      "version": "1.0.0",
      "license": "ISC",
      "workspaces": [
        "packages/client",
        "packages/server",
        "client",
        "server"
      ]
    },
    "client": {
      "version": "1.0.0",
      "extraneous": true,
      "license": "ISC"
    },
    "node_modules/@myapp/client": {
      "resolved": "packages/client",
      "link": true
    },
    "node_modules/@myapp/server": {
      "resolved": "packages/server",
      "link": true
    },
    "packages/client": {
      "name": "@myapp/client",
      "version": "1.0.0",
      "license": "ISC",
      "dependencies": {
        "@myapp/server": "*"
      }
    },
    "packages/server": {
      "name": "@myapp/server",
      "version": "1.0.0",
      "license": "ISC"
    },
    "server": {
      "version": "1.0.0",
      "extraneous": true,
      "license": "ISC"
    }
  }
}
